
Microsoft Visual Studio Solution File, Format Version 12.00
# Visual Studio Version 17
VisualStudioVersion = 17.10.35201.131
MinimumVisualStudioVersion = 10.0.40219.1
Project("{FAE04EC0-301F-11D3-BF4B-00C04F79EFBC}") = "HomeAssistant.MySkoda", "HomeAssistant.MySkoda\HomeAssistant.MySkoda.csproj", "{92203FF6-A684-4B83-8489-B2578C078CC3}"
EndProject
Project("{9A19103F-16F7-4668-BE54-9A1E7A4F7556}") = "MySkodaSharp", "MySkodaSharp\MySkodaSharp\MySkodaSharp.csproj", "{DFE99F05-6D14-4638-AD94-2C658CC514BB}"
EndProject
Global
	GlobalSection(SolutionConfigurationPlatforms) = preSolution
		Debug|Any CPU = Debug|Any CPU
		Release|Any CPU = Release|Any CPU
	EndGlobalSection
	GlobalSection(ProjectConfigurationPlatforms) = postSolution
		{92203FF6-A684-4B83-8489-B2578C078CC3}.Debug|Any CPU.ActiveCfg = Debug|Any CPU
		{92203FF6-A684-4B83-8489-B2578C078CC3}.Debug|Any CPU.Build.0 = Debug|Any CPU
		{92203FF6-A684-4B83-8489-B2578C078CC3}.Release|Any CPU.ActiveCfg = Release|Any CPU
		{92203FF6-A684-4B83-8489-B2578C078CC3}.Release|Any CPU.Build.0 = Release|Any CPU
		{DFE99F05-6D14-4638-AD94-2C658CC514BB}.Debug|Any CPU.ActiveCfg = Debug|Any CPU
		{DFE99F05-6D14-4638-AD94-2C658CC514BB}.Debug|Any CPU.Build.0 = Debug|Any CPU
		{DFE99F05-6D14-4638-AD94-2C658CC514BB}.Release|Any CPU.ActiveCfg = Release|Any CPU
		{DFE99F05-6D14-4638-AD94-2C658CC514BB}.Release|Any CPU.Build.0 = Release|Any CPU
	EndGlobalSection
	GlobalSection(SolutionProperties) = preSolution
		HideSolutionNode = FALSE
	EndGlobalSection
	GlobalSection(ExtensibilityGlobals) = postSolution
		SolutionGuid = {56EA5670-E3CB-486E-8082-1A5EF9CB9DA6}
	EndGlobalSection
EndGlobal
